
Microsoft Visual Studio Solution File, Format Version 12.00
# Visual Studio 2013
VisualStudioVersion = 12.0.40629.0
MinimumVisualStudioVersion = 10.0.40219.1
Project("{D954291E-2A0B-460D-934E-DC6B0785DB48}") = "CocosJuceApp.Shared", "CocosJuceApp\CocosJuceApp.Shared\CocosJuceApp.Shared.shproj", "{79E434D5-5323-417C-B51E-36A2FFA11427}"
EndProject
Project("{FAE04EC0-301F-11D3-BF4B-00C04F79EFBC}") = "CocosJuceApp.Droid", "CocosJuceApp\CocosJuceApp.Droid\CocosJuceApp.Droid.csproj", "{3784144C-A51B-47EC-AC8C-02B4E297E9FB}"
EndProject
Project("{FAE04EC0-301F-11D3-BF4B-00C04F79EFBC}") = "CocosJuceApp.iOS", "CocosJuceApp\CocosJuceApp.iOS\CocosJuceApp.iOS.csproj", "{4DF33C97-AC4D-4783-BACB-4DD7197AEF01}"
EndProject
Project("{FAE04EC0-301F-11D3-BF4B-00C04F79EFBC}") = "CocosJuceApp.WinDX", "CocosJuceApp\CocosJuceApp.WinDX\CocosJuceApp.WinDX.csproj", "{C2AA92EF-1C66-4100-B17B-613EA7CB7BCC}"
EndProject
Global
	GlobalSection(SharedMSBuildProjectFiles) = preSolution
		CocosJuceApp\CocosJuceApp.Shared\EmptyProject.Shared.projitems*{3784144c-a51b-47ec-ac8c-02b4e297e9fb}*SharedItemsImports = 4
		CocosJuceApp\CocosJuceApp.Shared\EmptyProject.Shared.projitems*{4df33c97-ac4d-4783-bacb-4dd7197aef01}*SharedItemsImports = 4
		CocosJuceApp\CocosJuceApp.Shared\EmptyProject.Shared.projitems*{c2aa92ef-1c66-4100-b17b-613ea7cb7bcc}*SharedItemsImports = 4
		CocosJuceApp\CocosJuceApp.Shared\EmptyProject.Shared.projitems*{79e434d5-5323-417c-b51e-36a2ffa11427}*SharedItemsImports = 13
	EndGlobalSection
	GlobalSection(SolutionConfigurationPlatforms) = preSolution
		Ad-Hoc|Any CPU = Ad-Hoc|Any CPU
		Ad-Hoc|ARM = Ad-Hoc|ARM
		Ad-Hoc|iPhone = Ad-Hoc|iPhone
		Ad-Hoc|iPhoneSimulator = Ad-Hoc|iPhoneSimulator
		Ad-Hoc|Mixed Platforms = Ad-Hoc|Mixed Platforms
		Ad-Hoc|x86 = Ad-Hoc|x86
		AppStore|Any CPU = AppStore|Any CPU
		AppStore|ARM = AppStore|ARM
		AppStore|iPhone = AppStore|iPhone
		AppStore|iPhoneSimulator = AppStore|iPhoneSimulator
		AppStore|Mixed Platforms = AppStore|Mixed Platforms
		AppStore|x86 = AppStore|x86
		Debug|Any CPU = Debug|Any CPU
		Debug|ARM = Debug|ARM
		Debug|iPhone = Debug|iPhone
		Debug|iPhoneSimulator = Debug|iPhoneSimulator
		Debug|Mixed Platforms = Debug|Mixed Platforms
		Debug|x86 = Debug|x86
		Release|Any CPU = Release|Any CPU
		Release|ARM = Release|ARM
		Release|iPhone = Release|iPhone
		Release|iPhoneSimulator = Release|iPhoneSimulator
		Release|Mixed Platforms = Release|Mixed Platforms
		Release|x86 = Release|x86
	EndGlobalSection
	GlobalSection(ProjectConfigurationPlatforms) = postSolution
		{3784144C-A51B-47EC-AC8C-02B4E297E9FB}.Ad-Hoc|Any CPU.ActiveCfg = Release|Any CPU
		{3784144C-A51B-47EC-AC8C-02B4E297E9FB}.Ad-Hoc|Any CPU.Build.0 = Release|Any CPU
		{3784144C-A51B-47EC-AC8C-02B4E297E9FB}.Ad-Hoc|Any CPU.Deploy.0 = Release|Any CPU
		{3784144C-A51B-47EC-AC8C-02B4E297E9FB}.Ad-Hoc|ARM.ActiveCfg = Release|Any CPU
		{3784144C-A51B-47EC-AC8C-02B4E297E9FB}.Ad-Hoc|iPhone.ActiveCfg = Release|Any CPU
		{3784144C-A51B-47EC-AC8C-02B4E297E9FB}.Ad-Hoc|iPhoneSimulator.ActiveCfg = Release|Any CPU
		{3784144C-A51B-47EC-AC8C-02B4E297E9FB}.Ad-Hoc|Mixed Platforms.ActiveCfg = Release|Any CPU
		{3784144C-A51B-47EC-AC8C-02B4E297E9FB}.Ad-Hoc|Mixed Platforms.Build.0 = Release|Any CPU
		{3784144C-A51B-47EC-AC8C-02B4E297E9FB}.Ad-Hoc|Mixed Platforms.Deploy.0 = Release|Any CPU
		{3784144C-A51B-47EC-AC8C-02B4E297E9FB}.Ad-Hoc|x86.ActiveCfg = Release|Any CPU
		{3784144C-A51B-47EC-AC8C-02B4E297E9FB}.AppStore|Any CPU.ActiveCfg = Release|Any CPU
		{3784144C-A51B-47EC-AC8C-02B4E297E9FB}.AppStore|Any CPU.Build.0 = Release|Any CPU
		{3784144C-A51B-47EC-AC8C-02B4E297E9FB}.AppStore|Any CPU.Deploy.0 = Release|Any CPU
		{3784144C-A51B-47EC-AC8C-02B4E297E9FB}.AppStore|ARM.ActiveCfg = Release|Any CPU
		{3784144C-A51B-47EC-AC8C-02B4E297E9FB}.AppStore|iPhone.ActiveCfg = Release|Any CPU
		{3784144C-A51B-47EC-AC8C-02B4E297E9FB}.AppStore|iPhoneSimulator.ActiveCfg = Release|Any CPU
		{3784144C-A51B-47EC-AC8C-02B4E297E9FB}.AppStore|Mixed Platforms.ActiveCfg = Release|Any CPU
		{3784144C-A51B-47EC-AC8C-02B4E297E9FB}.AppStore|Mixed Platforms.Build.0 = Release|Any CPU
		{3784144C-A51B-47EC-AC8C-02B4E297E9FB}.AppStore|Mixed Platforms.Deploy.0 = Release|Any CPU
		{3784144C-A51B-47EC-AC8C-02B4E297E9FB}.AppStore|x86.ActiveCfg = Release|Any CPU
		{3784144C-A51B-47EC-AC8C-02B4E297E9FB}.Debug|Any CPU.ActiveCfg = Debug|Any CPU
		{3784144C-A51B-47EC-AC8C-02B4E297E9FB}.Debug|Any CPU.Build.0 = Debug|Any CPU
		{3784144C-A51B-47EC-AC8C-02B4E297E9FB}.Debug|Any CPU.Deploy.0 = Debug|Any CPU
		{3784144C-A51B-47EC-AC8C-02B4E297E9FB}.Debug|ARM.ActiveCfg = Debug|Any CPU
		{3784144C-A51B-47EC-AC8C-02B4E297E9FB}.Debug|iPhone.ActiveCfg = Debug|Any CPU
		{3784144C-A51B-47EC-AC8C-02B4E297E9FB}.Debug|iPhoneSimulator.ActiveCfg = Debug|Any CPU
		{3784144C-A51B-47EC-AC8C-02B4E297E9FB}.Debug|Mixed Platforms.ActiveCfg = Debug|Any CPU
		{3784144C-A51B-47EC-AC8C-02B4E297E9FB}.Debug|Mixed Platforms.Build.0 = Debug|Any CPU
		{3784144C-A51B-47EC-AC8C-02B4E297E9FB}.Debug|Mixed Platforms.Deploy.0 = Debug|Any CPU
		{3784144C-A51B-47EC-AC8C-02B4E297E9FB}.Debug|x86.ActiveCfg = Debug|Any CPU
		{3784144C-A51B-47EC-AC8C-02B4E297E9FB}.Release|Any CPU.ActiveCfg = Release|Any CPU
		{3784144C-A51B-47EC-AC8C-02B4E297E9FB}.Release|Any CPU.Build.0 = Release|Any CPU
		{3784144C-A51B-47EC-AC8C-02B4E297E9FB}.Release|Any CPU.Deploy.0 = Release|Any CPU
		{3784144C-A51B-47EC-AC8C-02B4E297E9FB}.Release|ARM.ActiveCfg = Release|Any CPU
		{3784144C-A51B-47EC-AC8C-02B4E297E9FB}.Release|iPhone.ActiveCfg = Release|Any CPU
		{3784144C-A51B-47EC-AC8C-02B4E297E9FB}.Release|iPhoneSimulator.ActiveCfg = Release|Any CPU
		{3784144C-A51B-47EC-AC8C-02B4E297E9FB}.Release|Mixed Platforms.ActiveCfg = Release|Any CPU
		{3784144C-A51B-47EC-AC8C-02B4E297E9FB}.Release|Mixed Platforms.Build.0 = Release|Any CPU
		{3784144C-A51B-47EC-AC8C-02B4E297E9FB}.Release|Mixed Platforms.Deploy.0 = Release|Any CPU
		{3784144C-A51B-47EC-AC8C-02B4E297E9FB}.Release|x86.ActiveCfg = Release|Any CPU
		{4DF33C97-AC4D-4783-BACB-4DD7197AEF01}.Ad-Hoc|Any CPU.ActiveCfg = Ad-Hoc|iPhone
		{4DF33C97-AC4D-4783-BACB-4DD7197AEF01}.Ad-Hoc|ARM.ActiveCfg = Ad-Hoc|iPhone
		{4DF33C97-AC4D-4783-BACB-4DD7197AEF01}.Ad-Hoc|iPhone.ActiveCfg = Ad-Hoc|iPhone
		{4DF33C97-AC4D-4783-BACB-4DD7197AEF01}.Ad-Hoc|iPhone.Build.0 = Ad-Hoc|iPhone
		{4DF33C97-AC4D-4783-BACB-4DD7197AEF01}.Ad-Hoc|iPhoneSimulator.ActiveCfg = Ad-Hoc|iPhoneSimulator
		{4DF33C97-AC4D-4783-BACB-4DD7197AEF01}.Ad-Hoc|iPhoneSimulator.Build.0 = Ad-Hoc|iPhoneSimulator
		{4DF33C97-AC4D-4783-BACB-4DD7197AEF01}.Ad-Hoc|Mixed Platforms.ActiveCfg = Ad-Hoc|iPhone
		{4DF33C97-AC4D-4783-BACB-4DD7197AEF01}.Ad-Hoc|Mixed Platforms.Build.0 = Ad-Hoc|iPhone
		{4DF33C97-AC4D-4783-BACB-4DD7197AEF01}.Ad-Hoc|x86.ActiveCfg = Ad-Hoc|iPhone
		{4DF33C97-AC4D-4783-BACB-4DD7197AEF01}.AppStore|Any CPU.ActiveCfg = AppStore|iPhone
		{4DF33C97-AC4D-4783-BACB-4DD7197AEF01}.AppStore|ARM.ActiveCfg = AppStore|iPhone
		{4DF33C97-AC4D-4783-BACB-4DD7197AEF01}.AppStore|iPhone.ActiveCfg = AppStore|iPhone
		{4DF33C97-AC4D-4783-BACB-4DD7197AEF01}.AppStore|iPhone.Build.0 = AppStore|iPhone
		{4DF33C97-AC4D-4783-BACB-4DD7197AEF01}.AppStore|iPhoneSimulator.ActiveCfg = AppStore|iPhoneSimulator
		{4DF33C97-AC4D-4783-BACB-4DD7197AEF01}.AppStore|iPhoneSimulator.Build.0 = AppStore|iPhoneSimulator
		{4DF33C97-AC4D-4783-BACB-4DD7197AEF01}.AppStore|Mixed Platforms.ActiveCfg = AppStore|iPhone
		{4DF33C97-AC4D-4783-BACB-4DD7197AEF01}.AppStore|Mixed Platforms.Build.0 = AppStore|iPhone
		{4DF33C97-AC4D-4783-BACB-4DD7197AEF01}.AppStore|x86.ActiveCfg = AppStore|iPhone
		{4DF33C97-AC4D-4783-BACB-4DD7197AEF01}.Debug|Any CPU.ActiveCfg = Debug|iPhone
		{4DF33C97-AC4D-4783-BACB-4DD7197AEF01}.Debug|ARM.ActiveCfg = Debug|iPhone
		{4DF33C97-AC4D-4783-BACB-4DD7197AEF01}.Debug|iPhone.ActiveCfg = Debug|iPhone
		{4DF33C97-AC4D-4783-BACB-4DD7197AEF01}.Debug|iPhone.Build.0 = Debug|iPhone
		{4DF33C97-AC4D-4783-BACB-4DD7197AEF01}.Debug|iPhoneSimulator.ActiveCfg = Debug|iPhoneSimulator
		{4DF33C97-AC4D-4783-BACB-4DD7197AEF01}.Debug|iPhoneSimulator.Build.0 = Debug|iPhoneSimulator
		{4DF33C97-AC4D-4783-BACB-4DD7197AEF01}.Debug|Mixed Platforms.ActiveCfg = Debug|iPhone
		{4DF33C97-AC4D-4783-BACB-4DD7197AEF01}.Debug|Mixed Platforms.Build.0 = Debug|iPhone
		{4DF33C97-AC4D-4783-BACB-4DD7197AEF01}.Debug|x86.ActiveCfg = Debug|iPhone
		{4DF33C97-AC4D-4783-BACB-4DD7197AEF01}.Release|Any CPU.ActiveCfg = Release|iPhone
		{4DF33C97-AC4D-4783-BACB-4DD7197AEF01}.Release|ARM.ActiveCfg = Release|iPhone
		{4DF33C97-AC4D-4783-BACB-4DD7197AEF01}.Release|iPhone.ActiveCfg = Release|iPhone
		{4DF33C97-AC4D-4783-BACB-4DD7197AEF01}.Release|iPhone.Build.0 = Release|iPhone
		{4DF33C97-AC4D-4783-BACB-4DD7197AEF01}.Release|iPhoneSimulator.ActiveCfg = Release|iPhoneSimulator
		{4DF33C97-AC4D-4783-BACB-4DD7197AEF01}.Release|iPhoneSimulator.Build.0 = Release|iPhoneSimulator
		{4DF33C97-AC4D-4783-BACB-4DD7197AEF01}.Release|Mixed Platforms.ActiveCfg = Release|iPhone
		{4DF33C97-AC4D-4783-BACB-4DD7197AEF01}.Release|Mixed Platforms.Build.0 = Release|iPhone
		{4DF33C97-AC4D-4783-BACB-4DD7197AEF01}.Release|x86.ActiveCfg = Release|iPhone
		{C2AA92EF-1C66-4100-B17B-613EA7CB7BCC}.Ad-Hoc|Any CPU.ActiveCfg = Release|x86
		{C2AA92EF-1C66-4100-B17B-613EA7CB7BCC}.Ad-Hoc|ARM.ActiveCfg = Release|x86
		{C2AA92EF-1C66-4100-B17B-613EA7CB7BCC}.Ad-Hoc|iPhone.ActiveCfg = Release|x86
		{C2AA92EF-1C66-4100-B17B-613EA7CB7BCC}.Ad-Hoc|iPhoneSimulator.ActiveCfg = Release|x86
		{C2AA92EF-1C66-4100-B17B-613EA7CB7BCC}.Ad-Hoc|Mixed Platforms.ActiveCfg = Release|x86
		{C2AA92EF-1C66-4100-B17B-613EA7CB7BCC}.Ad-Hoc|Mixed Platforms.Build.0 = Release|x86
		{C2AA92EF-1C66-4100-B17B-613EA7CB7BCC}.Ad-Hoc|x86.ActiveCfg = Release|x86
		{C2AA92EF-1C66-4100-B17B-613EA7CB7BCC}.Ad-Hoc|x86.Build.0 = Release|x86
		{C2AA92EF-1C66-4100-B17B-613EA7CB7BCC}.AppStore|Any CPU.ActiveCfg = Release|x86
		{C2AA92EF-1C66-4100-B17B-613EA7CB7BCC}.AppStore|ARM.ActiveCfg = Release|x86
		{C2AA92EF-1C66-4100-B17B-613EA7CB7BCC}.AppStore|iPhone.ActiveCfg = Release|x86
		{C2AA92EF-1C66-4100-B17B-613EA7CB7BCC}.AppStore|iPhoneSimulator.ActiveCfg = Release|x86
		{C2AA92EF-1C66-4100-B17B-613EA7CB7BCC}.AppStore|Mixed Platforms.ActiveCfg = Release|x86
		{C2AA92EF-1C66-4100-B17B-613EA7CB7BCC}.AppStore|Mixed Platforms.Build.0 = Release|x86
		{C2AA92EF-1C66-4100-B17B-613EA7CB7BCC}.AppStore|x86.ActiveCfg = Release|x86
		{C2AA92EF-1C66-4100-B17B-613EA7CB7BCC}.AppStore|x86.Build.0 = Release|x86
		{C2AA92EF-1C66-4100-B17B-613EA7CB7BCC}.Debug|Any CPU.ActiveCfg = Debug|x86
		{C2AA92EF-1C66-4100-B17B-613EA7CB7BCC}.Debug|Any CPU.Build.0 = Debug|x86
		{C2AA92EF-1C66-4100-B17B-613EA7CB7BCC}.Debug|ARM.ActiveCfg = Debug|x86
		{C2AA92EF-1C66-4100-B17B-613EA7CB7BCC}.Debug|iPhone.ActiveCfg = Debug|x86
		{C2AA92EF-1C66-4100-B17B-613EA7CB7BCC}.Debug|iPhoneSimulator.ActiveCfg = Debug|x86
		{C2AA92EF-1C66-4100-B17B-613EA7CB7BCC}.Debug|Mixed Platforms.ActiveCfg = Debug|x86
		{C2AA92EF-1C66-4100-B17B-613EA7CB7BCC}.Debug|Mixed Platforms.Build.0 = Debug|x86
		{C2AA92EF-1C66-4100-B17B-613EA7CB7BCC}.Debug|x86.ActiveCfg = Debug|x86
		{C2AA92EF-1C66-4100-B17B-613EA7CB7BCC}.Debug|x86.Build.0 = Debug|x86
		{C2AA92EF-1C66-4100-B17B-613EA7CB7BCC}.Release|Any CPU.ActiveCfg = Release|x86
		{C2AA92EF-1C66-4100-B17B-613EA7CB7BCC}.Release|ARM.ActiveCfg = Release|x86
		{C2AA92EF-1C66-4100-B17B-613EA7CB7BCC}.Release|iPhone.ActiveCfg = Release|x86
		{C2AA92EF-1C66-4100-B17B-613EA7CB7BCC}.Release|iPhoneSimulator.ActiveCfg = Release|x86
		{C2AA92EF-1C66-4100-B17B-613EA7CB7BCC}.Release|Mixed Platforms.ActiveCfg = Release|x86
		{C2AA92EF-1C66-4100-B17B-613EA7CB7BCC}.Release|Mixed Platforms.Build.0 = Release|x86
		{C2AA92EF-1C66-4100-B17B-613EA7CB7BCC}.Release|x86.ActiveCfg = Release|x86
		{C2AA92EF-1C66-4100-B17B-613EA7CB7BCC}.Release|x86.Build.0 = Release|x86
	EndGlobalSection
	GlobalSection(SolutionProperties) = preSolution
		HideSolutionNode = FALSE
	EndGlobalSection
EndGlobal
